{
  "name": "liqd-framework",
  "version": "1.2.1",
  "lockfileVersion": 1,
  "requires": true,
  "dependencies": {
    "async-limiter": {
      "version": "1.0.0",
      "resolved": "https://registry.npmjs.org/async-limiter/-/async-limiter-1.0.0.tgz",
      "integrity": "sha512-jp/uFnooOiO+L211eZOoSyzpOITMXx1rBITauYykG3BRYPu8h0UcxsPNB04RR5vo4Tyz3+ay17tR6JVf9qzYWg=="
    },
    "babel-runtime": {
      "version": "6.26.0",
      "resolved": "https://registry.npmjs.org/babel-runtime/-/babel-runtime-6.26.0.tgz",
      "integrity": "sha1-llxwWGaOgrVde/4E/yM3vItWR/4=",
      "requires": {
        "core-js": "^2.4.0",
        "regenerator-runtime": "^0.11.0"
      }
    },
    "big-number": {
      "version": "0.3.1",
      "resolved": "https://registry.npmjs.org/big-number/-/big-number-0.3.1.tgz",
      "integrity": "sha1-rHMCDApZu3nrF8LOLbd/d9l04BM="
    },
    "bignumber.js": {
      "version": "4.1.0",
      "resolved": "https://registry.npmjs.org/bignumber.js/-/bignumber.js-4.1.0.tgz",
      "integrity": "sha512-eJzYkFYy9L4JzXsbymsFn3p54D+llV27oTQ+ziJG7WFRheJcNZilgVXMG0LoZtlQSKBsJdWtLFqOD0u+U0jZKA=="
    },
    "bl": {
      "version": "1.2.2",
      "resolved": "http://registry.npmjs.org/bl/-/bl-1.2.2.tgz",
      "integrity": "sha512-e8tQYnZodmebYDWGH7KMRvtzKXaJHx3BbilrgZCfvyLUYdKpK1t5PSPmpkny/SgiTSCnjfLW7v5rlONXVFkQEA==",
      "requires": {
        "readable-stream": "^2.3.5",
        "safe-buffer": "^5.1.1"
      }
    },
    "core-js": {
      "version": "2.5.7",
      "resolved": "https://registry.npmjs.org/core-js/-/core-js-2.5.7.tgz",
      "integrity": "sha512-RszJCAxg/PP6uzXVXL6BsxSXx/B05oJAQ2vkJRjyjrEcNVycaqOmNb5OTxZPE3xa5gwZduqza6L9JOCenh/Ecw=="
    },
    "core-util-is": {
      "version": "1.0.2",
      "resolved": "https://registry.npmjs.org/core-util-is/-/core-util-is-1.0.2.tgz",
      "integrity": "sha1-tf1UIgqivFq1eqtxQMlAdUUDwac="
    },
    "debug": {
      "version": "3.2.5",
      "resolved": "https://registry.npmjs.org/debug/-/debug-3.2.5.tgz",
      "integrity": "sha512-D61LaDQPQkxJ5AUM2mbSJRbPkNs/TmdmOeLAi1hgDkpDfIfetSrjmWhccwtuResSwMbACjx/xXQofvM9CE/aeg==",
      "requires": {
        "ms": "^2.1.1"
      }
    },
    "depd": {
      "version": "1.1.2",
      "resolved": "https://registry.npmjs.org/depd/-/depd-1.1.2.tgz",
      "integrity": "sha1-m81S4UwJd2PnSbJ0xDRu0uVgtak="
    },
    "generic-pool": {
      "version": "3.4.2",
      "resolved": "https://registry.npmjs.org/generic-pool/-/generic-pool-3.4.2.tgz",
      "integrity": "sha512-H7cUpwCQSiJmAHM4c/aFu6fUfrhWXW1ncyh8ftxEPMu6AiYkHw9K8br720TGPZJbk5eOH2bynjZD1yPvdDAmag=="
    },
    "iconv-lite": {
      "version": "0.4.24",
      "resolved": "https://registry.npmjs.org/iconv-lite/-/iconv-lite-0.4.24.tgz",
      "integrity": "sha512-v3MXnZAcvnywkTUEZomIActle7RXXeedOR31wwl7VlyoXO4Qi9arvSenNQWne1TcRwhCL1HwLI21bEqdpj8/rA==",
      "requires": {
        "safer-buffer": ">= 2.1.2 < 3"
      }
    },
    "inherits": {
      "version": "2.0.3",
      "resolved": "https://registry.npmjs.org/inherits/-/inherits-2.0.3.tgz",
      "integrity": "sha1-Yzwsg+PaQqUC9SRmAiSA9CCCYd4="
    },
    "isarray": {
      "version": "1.0.0",
      "resolved": "https://registry.npmjs.org/isarray/-/isarray-1.0.0.tgz",
      "integrity": "sha1-u5NdSFgsuhaMBoNJV6VKPgcSTxE="
    },
    "liqd-cache": {
      "version": "1.0.1",
      "resolved": "https://registry.npmjs.org/liqd-cache/-/liqd-cache-1.0.1.tgz",
      "integrity": "sha512-KEILKmfB1587xcOJcrimqYJ2wrNpRMfeR5RzDyZEN42o1gfD6k871tLhdeJwlIkFDKmRoXV0rtFoOCT+lhklxA==",
      "requires": {
        "liqd-timer": "^1.0.0"
      }
    },
    "liqd-cluster": {
      "version": "0.1.10",
      "resolved": "https://registry.npmjs.org/liqd-cluster/-/liqd-cluster-0.1.10.tgz",
      "integrity": "sha512-tEnsNAipujdD08X3rTqOHJhsFVM1IvXZLlPfnBysyA37Ih1bv2aSIiQZByvkZgIL9xKsW4x7PTB084pBrdCxAg==",
      "requires": {
        "liqd-timed-promise": "^1.2.0",
        "liqd-unique-id": "^1.0.0",
        "ws": "^5.1.1"
      }
    },
    "liqd-ds-heap": {
      "version": "1.1.0",
      "resolved": "https://registry.npmjs.org/liqd-ds-heap/-/liqd-ds-heap-1.1.0.tgz",
      "integrity": "sha512-dgPWMXI3FWv413vB7Ssqz1uoIHhVru8OrMmAChEbLkvDIm/cnMQ7dsROMt9nymRDqABOgPfUjPwWZf/pfwJ21Q=="
    },
    "liqd-event": {
      "version": "1.0.0",
      "resolved": "https://registry.npmjs.org/liqd-event/-/liqd-event-1.0.0.tgz",
      "integrity": "sha512-ZfnnPFpQuTfNs7N3513ZqY/XLFNSkMcF8BkQVJ08pp8hh+ZVEXh9IZ1VJV7f1+2KymIMzDZcMkiL3LBJHQWvqQ=="
    },
    "liqd-flow": {
      "version": "1.2.5",
      "resolved": "https://registry.npmjs.org/liqd-flow/-/liqd-flow-1.2.5.tgz",
      "integrity": "sha512-6spo1p+kvx9moEuIwMMOT6ks9tRnhYHM4r7JqFO6O1VVZdlp3FejntGDLQrNOWKGYUcPZT4BqbE418DOomx0cA=="
    },
    "liqd-fs": {
      "version": "1.0.2",
      "resolved": "https://registry.npmjs.org/liqd-fs/-/liqd-fs-1.0.2.tgz",
      "integrity": "sha512-kRSi6G0tGtBwkP/NEKVeCaWNej2p93dE1tu/+IqK7wH1LRBAaxZXTriLtjYDfo9c28hTNNGvWCJL+t5mBzASzw==",
      "requires": {
        "liqd-timer": "^1.0.0"
      }
    },
    "liqd-internationalization": {
      "version": "1.0.3",
      "resolved": "https://registry.npmjs.org/liqd-internationalization/-/liqd-internationalization-1.0.3.tgz",
      "integrity": "sha512-tBRTKS1/0kA4bT+NRWSZgdJYkcw1Zurl65SBAuk1j32l5tX5RT/oCDgssUCvOPNmcsXfbJy6jZtB1yQUfkfnvw=="
    },
    "liqd-ipc": {
      "version": "1.0.0",
      "resolved": "https://registry.npmjs.org/liqd-ipc/-/liqd-ipc-1.0.0.tgz",
      "integrity": "sha512-Ul9EojzZSuXPkgFhrVmiVJ4BOXJCkbDBpWrDyqsei/NdbDHTK0HTjCL2aAPY6XqrfX/FQywfrZcNK56rpKA1yQ==",
      "requires": {
        "liqd-cache": "^1.0.0",
        "liqd-timed-promise": "^1.2.0"
      }
    },
    "liqd-options": {
      "version": "1.0.5",
      "resolved": "https://registry.npmjs.org/liqd-options/-/liqd-options-1.0.5.tgz",
      "integrity": "sha512-iyd0HvQZpm6nwVFllIVsIhxqUmyub93jfjntNmJuDHn+ukj8udFsXIJXT0WwlC66mdd8uHyShfjUOPlyeHjXOg=="
    },
    "liqd-parser": {
      "version": "1.3.0",
      "resolved": "https://registry.npmjs.org/liqd-parser/-/liqd-parser-1.3.0.tgz",
      "integrity": "sha512-ECpFCP6pxfBAqkPy70jffW55mWZfUNOIwajKGLyXhz0S1VxoHdi49JdHfaN/QRnsD+AHNQEd/t8KWBN6zPXIlA=="
    },
    "liqd-server": {
      "version": "1.0.3",
      "resolved": "https://registry.npmjs.org/liqd-server/-/liqd-server-1.0.3.tgz",
      "integrity": "sha512-qUHmJWzI2AbRfkRUM14lILvaQeONQ+hDBe+UP3zCemu9Resu/zdvwhVDplJGad5bAOkNkWiB+qARGKMT8zYZdw=="
    },
    "liqd-sql": {
      "version": "1.4.5",
      "resolved": "https://registry.npmjs.org/liqd-sql/-/liqd-sql-1.4.5.tgz",
      "integrity": "sha512-2njqUjVNmskQLJKWdUjdwJJxmicu77ZCSNSCh5tTBNzEk+MaeMti8ASu5SS1sMuywAh7UmyLzpRDD6zg6Z9WiA==",
      "requires": {
        "liqd-event": "^1.0.0",
        "liqd-timed-promise": "^1.2.0",
        "mssql": "^4.1.0",
        "mysql": "^2.16.0"
      }
    },
    "liqd-string": {
      "version": "1.0.1",
      "resolved": "https://registry.npmjs.org/liqd-string/-/liqd-string-1.0.1.tgz",
      "integrity": "sha512-XdWK9POAAPZYHQpYjh1tEgRjIgrKp24HZePp2HLSfNTK2ABVuYRnp3TJkqA14GyK70sCRjtaBgCIG8lvnDPijg=="
    },
    "liqd-style": {
      "version": "1.1.4",
      "resolved": "https://registry.npmjs.org/liqd-style/-/liqd-style-1.1.4.tgz",
      "integrity": "sha512-a2cKzI19flDP8dUUfBCEL5WaDvfrHS7T2J3JIv8ibGPuQyzqZgYKXiEKGDFRKrGP5xYVjTKSfHJ2ATBD6o5liw==",
      "requires": {
        "liqd-parser": "^1.2.4"
      }
    },
    "liqd-template": {
      "version": "1.6.0",
      "resolved": "https://registry.npmjs.org/liqd-template/-/liqd-template-1.6.0.tgz",
      "integrity": "sha512-NkaknK7wdeH9GMsBWRnMNKgC9gtAaNHpOhDwtFYsZ7s6EsWH8KtiL731UclitFO7R0P61s3F5xNpIdG4uvgMoA==",
      "requires": {
        "liqd-fs": "^1.0.2",
        "liqd-internationalization": "^1.0.3",
        "liqd-parser": "^1.3.0",
        "liqd-string": "^1.0.1",
        "liqd-style": "^1.1.4"
      }
    },
    "liqd-timed-promise": {
      "version": "1.2.1",
      "resolved": "https://registry.npmjs.org/liqd-timed-promise/-/liqd-timed-promise-1.2.1.tgz",
      "integrity": "sha512-APFcKdwYr2KBkoES6LKGzNN+sZv9BlQLVAKa6BdSIFezxEEyUVJL/0JycTa0IpnufJVFXH0v7NOPJ5NCBHLuTA=="
    },
    "liqd-timer": {
      "version": "1.0.0",
      "resolved": "https://registry.npmjs.org/liqd-timer/-/liqd-timer-1.0.0.tgz",
      "integrity": "sha512-9wUpKkWm6Ty1Y4RmEBy/IoONGjAVHNvmiV1sYqHOaypRCgDuzxhOv2Lcv7MHnSdZB9seoFqRz64yMh54hwC4VA==",
      "requires": {
        "liqd-ds-heap": "^1.1.0"
      }
    },
    "liqd-unique-id": {
      "version": "1.0.0",
      "resolved": "https://registry.npmjs.org/liqd-unique-id/-/liqd-unique-id-1.0.0.tgz",
      "integrity": "sha512-A9JTTWqhUmPiZvThcnA18gK0zCQVPFg7GRqELl8Kgl74iYQOn34vSmsoCxZEdo9d3Eju/Xd4s6hehSwza0tMKw=="
    },
    "liqd-websocket": {
      "version": "1.0.1",
      "resolved": "https://registry.npmjs.org/liqd-websocket/-/liqd-websocket-1.0.1.tgz",
      "integrity": "sha512-+h8MX/2V3L7f4T/iJamG8EpiKakhTF5DzNBdVfLS3ND2043MSzQSIFmfxbXhYCCbDZs0KfH+qZZYq88SbYbSNg==",
      "requires": {
        "liqd-options": "^1.0.4"
      }
    },
    "liqd-worker": {
      "version": "1.0.0",
      "resolved": "https://registry.npmjs.org/liqd-worker/-/liqd-worker-1.0.0.tgz",
      "integrity": "sha512-zF1Jg/Jl/3RiuOHt4FWK+hY7dKXm2Tc4vIGw46Xoi1/ScGAe/pQdoUxH0dbwompKCvifWFS/1v3l2LsxN+9BAg==",
      "requires": {
        "liqd-ipc": "^1.0.0"
      }
    },
    "liqd-xml-parser": {
      "version": "1.1.1",
      "resolved": "https://registry.npmjs.org/liqd-xml-parser/-/liqd-xml-parser-1.1.1.tgz",
      "integrity": "sha512-4e0cgTJh9/91nYboM9/INALL+2r6GyF6PlPVl6BnXuTMBat1VHr7hWKYLhogaZPgXmLE/m6oUKAXhUGuWiS6Xg==",
      "requires": {
        "liqd-parser": "^1.2.4",
        "liqd-string": "^1.0.0"
      }
    },
    "ms": {
      "version": "2.1.1",
      "resolved": "https://registry.npmjs.org/ms/-/ms-2.1.1.tgz",
      "integrity": "sha512-tgp+dl5cGk28utYktBsrFqA7HKgrhgPsg6Z/EfhWI4gl1Hwq8B/GmY/0oXZ6nF8hDVesS/FpnYaD/kOWhYQvyg=="
    },
    "mssql": {
      "version": "4.2.1",
      "resolved": "https://registry.npmjs.org/mssql/-/mssql-4.2.1.tgz",
      "integrity": "sha512-89mJcK/xgcsRdlCfEZxRsE93NKZnZJFSASy7Eiw4Bx6exvkGb9Kd1ey9d9/jODTFssoZ3U0OOFK3wabYMpJypQ==",
      "requires": {
        "debug": "^3.1.0",
        "generic-pool": "^3.4.2",
        "tedious": "^2.6.4"
      }
    },
    "mysql": {
      "version": "2.16.0",
      "resolved": "https://registry.npmjs.org/mysql/-/mysql-2.16.0.tgz",
      "integrity": "sha512-dPbN2LHonQp7D5ja5DJXNbCLe/HRdu+f3v61aguzNRQIrmZLOeRoymBYyeThrR6ug+FqzDL95Gc9maqZUJS+Gw==",
      "requires": {
        "bignumber.js": "4.1.0",
        "readable-stream": "2.3.6",
        "safe-buffer": "5.1.2",
        "sqlstring": "2.3.1"
      }
    },
    "native-duplexpair": {
      "version": "1.0.0",
      "resolved": "https://registry.npmjs.org/native-duplexpair/-/native-duplexpair-1.0.0.tgz",
      "integrity": "sha1-eJkHjmS/PIo9cyYBs9QP8F21j6A="
    },
    "process-nextick-args": {
      "version": "2.0.0",
      "resolved": "https://registry.npmjs.org/process-nextick-args/-/process-nextick-args-2.0.0.tgz",
      "integrity": "sha512-MtEC1TqN0EU5nephaJ4rAtThHtC86dNN9qCuEhtshvpVBkAW5ZO7BASN9REnF9eoXGcRub+pFuKEpOHE+HbEMw=="
    },
    "punycode": {
      "version": "2.1.1",
      "resolved": "https://registry.npmjs.org/punycode/-/punycode-2.1.1.tgz",
      "integrity": "sha512-XRsRjdf+j5ml+y/6GKHPZbrF/8p2Yga0JPtdqTIY2Xe5ohJPD9saDJJLPvp9+NSBprVvevdXZybnj2cv8OEd0A=="
    },
    "readable-stream": {
      "version": "2.3.6",
      "resolved": "http://registry.npmjs.org/readable-stream/-/readable-stream-2.3.6.tgz",
      "integrity": "sha512-tQtKA9WIAhBF3+VLAseyMqZeBjW0AHJoxOtYqSUZNJxauErmLbVm2FW1y+J/YA9dUrAC39ITejlZWhVIwawkKw==",
      "requires": {
        "core-util-is": "~1.0.0",
        "inherits": "~2.0.3",
        "isarray": "~1.0.0",
        "process-nextick-args": "~2.0.0",
        "safe-buffer": "~5.1.1",
        "string_decoder": "~1.1.1",
        "util-deprecate": "~1.0.1"
      }
    },
    "regenerator-runtime": {
      "version": "0.11.1",
      "resolved": "https://registry.npmjs.org/regenerator-runtime/-/regenerator-runtime-0.11.1.tgz",
      "integrity": "sha512-MguG95oij0fC3QV3URf4V2SDYGJhJnJGqvIIgdECeODCT98wSWDAJ94SSuVpYQUoTcGUIL6L4yNB7j1DFFHSBg=="
    },
    "safe-buffer": {
      "version": "5.1.2",
      "resolved": "https://registry.npmjs.org/safe-buffer/-/safe-buffer-5.1.2.tgz",
      "integrity": "sha512-Gd2UZBJDkXlY7GbJxfsE8/nvKkUEU1G38c1siN6QP6a9PT9MmHB8GnpscSmMJSoF8LOIrt8ud/wPtojys4G6+g=="
    },
    "safer-buffer": {
      "version": "2.1.2",
      "resolved": "https://registry.npmjs.org/safer-buffer/-/safer-buffer-2.1.2.tgz",
      "integrity": "sha512-YZo3K82SD7Riyi0E1EQPojLz7kpepnSQI9IyPbHHg1XXXevb5dJI7tpyN2ADxGcQbHG7vcyRHk0cbwqcQriUtg=="
    },
    "sprintf-js": {
      "version": "1.1.1",
      "resolved": "https://registry.npmjs.org/sprintf-js/-/sprintf-js-1.1.1.tgz",
      "integrity": "sha1-Nr54Mgr+WAH2zqPueLblqrlA6gw="
    },
    "sqlstring": {
      "version": "2.3.1",
      "resolved": "https://registry.npmjs.org/sqlstring/-/sqlstring-2.3.1.tgz",
      "integrity": "sha1-R1OT/56RR5rqYtyvDKPRSYOn+0A="
    },
    "string_decoder": {
      "version": "1.1.1",
      "resolved": "https://registry.npmjs.org/string_decoder/-/string_decoder-1.1.1.tgz",
      "integrity": "sha512-n/ShnvDi6FHbbVfviro+WojiFzv+s8MPMHBczVePfUpDJLwoLT0ht1l4YwBCbi8pJAveEEdnkHyPyTP/mzRfwg==",
      "requires": {
        "safe-buffer": "~5.1.0"
      }
    },
    "tedious": {
      "version": "2.6.4",
      "resolved": "https://registry.npmjs.org/tedious/-/tedious-2.6.4.tgz",
      "integrity": "sha512-upFZB4QahZydPIV2VK3H/bz8Fsq5FSjqbxDbhhp1c/66ZJB1qCk5p1cXi2p/VUOgAYbmAzVObTg5kaVvmeyN+Q==",
      "requires": {
        "babel-runtime": "^6.26.0",
        "big-number": "0.3.1",
        "bl": "^1.2.2",
        "depd": "^1.1.2",
        "iconv-lite": "^0.4.23",
        "native-duplexpair": "^1.0.0",
        "punycode": "^2.1.0",
        "readable-stream": "^2.3.6",
        "sprintf-js": "^1.1.1"
      }
    },
    "util-deprecate": {
      "version": "1.0.2",
      "resolved": "https://registry.npmjs.org/util-deprecate/-/util-deprecate-1.0.2.tgz",
      "integrity": "sha1-RQ1Nyfpw3nMnYvvS1KKJgUGaDM8="
    },
    "ws": {
      "version": "5.2.2",
      "resolved": "https://registry.npmjs.org/ws/-/ws-5.2.2.tgz",
      "integrity": "sha512-jaHFD6PFv6UgoIVda6qZllptQsMlDEJkTQcybzzXDYM1XO9Y8em691FGMPmM46WGyLU4z9KMgQN+qrux/nhlHA==",
      "requires": {
        "async-limiter": "~1.0.0"
      }
    }
  }
}
